
Microsoft Visual Studio Solution File, Format Version 12.00
# Visual Studio Version 17
VisualStudioVersion = 17.12.35506.116
MinimumVisualStudioVersion = 10.0.40219.1
Project("{FAE04EC0-301F-11D3-BF4B-00C04F79EFBC}") = "Connectt", "Connectt.csproj", "{B4A4D37D-78F9-47E4-A978-4E3E544D7CC2}"
EndProject
Project("{54435603-DBB4-11D2-8724-00A0C9A8B90C}") = "Whispr", "..\Whispr\Whispr.vdproj", "{F6A41E8F-29C3-4BAD-A121-F8DA693913C8}"
EndProject
Global
	GlobalSection(SolutionConfigurationPlatforms) = preSolution
		Debug|Any CPU = Debug|Any CPU
		Release|Any CPU = Release|Any CPU
	EndGlobalSection
	GlobalSection(ProjectConfigurationPlatforms) = postSolution
		{B4A4D37D-78F9-47E4-A978-4E3E544D7CC2}.Debug|Any CPU.ActiveCfg = Debug|Any CPU
		{B4A4D37D-78F9-47E4-A978-4E3E544D7CC2}.Debug|Any CPU.Build.0 = Debug|Any CPU
		{B4A4D37D-78F9-47E4-A978-4E3E544D7CC2}.Release|Any CPU.ActiveCfg = Release|Any CPU
		{B4A4D37D-78F9-47E4-A978-4E3E544D7CC2}.Release|Any CPU.Build.0 = Release|Any CPU
		{F6A41E8F-29C3-4BAD-A121-F8DA693913C8}.Debug|Any CPU.ActiveCfg = Debug
		{F6A41E8F-29C3-4BAD-A121-F8DA693913C8}.Release|Any CPU.ActiveCfg = Release
	EndGlobalSection
	GlobalSection(SolutionProperties) = preSolution
		HideSolutionNode = FALSE
	EndGlobalSection
EndGlobal
